
Microsoft Visual Studio Solution File, Format Version 12.00
# Visual Studio Version 17
VisualStudioVersion = 17.12.35527.113 d17.12
MinimumVisualStudioVersion = 10.0.40219.1
Project("{FAE04EC0-301F-11D3-BF4B-00C04F79EFBC}") = "MediaPlayer", "MediaPlayer\MediaPlayer.csproj", "{C43A7AA6-AA95-4F54-9503-7FE6CB1B2B54}"
EndProject
Global
	GlobalSection(SolutionConfigurationPlatforms) = preSolution
		Debug|Any CPU = Debug|Any CPU
		Release|Any CPU = Release|Any CPU
	EndGlobalSection
	GlobalSection(ProjectConfigurationPlatforms) = postSolution
		{C43A7AA6-AA95-4F54-9503-7FE6CB1B2B54}.Debug|Any CPU.ActiveCfg = Debug|Any CPU
		{C43A7AA6-AA95-4F54-9503-7FE6CB1B2B54}.Debug|Any CPU.Build.0 = Debug|Any CPU
		{C43A7AA6-AA95-4F54-9503-7FE6CB1B2B54}.Release|Any CPU.ActiveCfg = Release|Any CPU
		{C43A7AA6-AA95-4F54-9503-7FE6CB1B2B54}.Release|Any CPU.Build.0 = Release|Any CPU
	EndGlobalSection
	GlobalSection(SolutionProperties) = preSolution
		HideSolutionNode = FALSE
	EndGlobalSection
EndGlobal
